
Microsoft Visual Studio Solution File, Format Version 12.00
# Visual Studio 2013
VisualStudioVersion = 12.0.31101.0
MinimumVisualStudioVersion = 10.0.40219.1
Project("{E24C65DC-7377-472B-9ABA-BC803B73C61A}") = "PowerArray", "http://localhost:49054", "{327B0ED1-AA1C-4D45-9F70-0A8CB0E1AA82}"
	ProjectSection(WebsiteProperties) = preProject
		UseIISExpress = "true"
		TargetFrameworkMoniker = ".NETFramework,Version%3Dv4.0"
		Debug.AspNetCompiler.VirtualPath = "/localhost_49054"
		Debug.AspNetCompiler.PhysicalPath = "..\PowerArray\"
		Debug.AspNetCompiler.TargetPath = "PrecompiledWeb\localhost_49054\"
		Debug.AspNetCompiler.Updateable = "true"
		Debug.AspNetCompiler.ForceOverwrite = "true"
		Debug.AspNetCompiler.FixedNames = "false"
		Debug.AspNetCompiler.Debug = "True"
		Release.AspNetCompiler.VirtualPath = "/localhost_49054"
		Release.AspNetCompiler.PhysicalPath = "..\PowerArray\"
		Release.AspNetCompiler.TargetPath = "PrecompiledWeb\localhost_49054\"
		Release.AspNetCompiler.Updateable = "true"
		Release.AspNetCompiler.ForceOverwrite = "true"
		Release.AspNetCompiler.FixedNames = "false"
		Release.AspNetCompiler.Debug = "False"
		SlnRelativePath = "..\PowerArray\"
	EndProjectSection
EndProject
Global
	GlobalSection(SolutionConfigurationPlatforms) = preSolution
		Debug|Any CPU = Debug|Any CPU
	EndGlobalSection
	GlobalSection(ProjectConfigurationPlatforms) = postSolution
		{327B0ED1-AA1C-4D45-9F70-0A8CB0E1AA82}.Debug|Any CPU.ActiveCfg = Debug|Any CPU
		{327B0ED1-AA1C-4D45-9F70-0A8CB0E1AA82}.Debug|Any CPU.Build.0 = Debug|Any CPU
	EndGlobalSection
	GlobalSection(SolutionProperties) = preSolution
		HideSolutionNode = FALSE
	EndGlobalSection
EndGlobal
